
Microsoft Visual Studio Solution File, Format Version 12.00
# Visual Studio 15
VisualStudioVersion = 15.0.27130.2020
MinimumVisualStudioVersion = 10.0.40219.1
Project("{8BC9CEB8-8B4A-11D0-8D11-00A0C91BC942}") = "SceneManagementTest.vs2017", "SceneManagementTest\SceneManagementTest.vs2017.vcxproj", "{05C159DC-8C40-4E1C-B0B7-C30F8D5FB374}"
EndProject
Global
	GlobalSection(SolutionConfigurationPlatforms) = preSolution
		Debug|x86 = Debug|x86
		Release|x86 = Release|x86
	EndGlobalSection
	GlobalSection(ProjectConfigurationPlatforms) = postSolution
		{05C159DC-8C40-4E1C-B0B7-C30F8D5FB374}.Debug|x86.ActiveCfg = Debug|Win32
		{05C159DC-8C40-4E1C-B0B7-C30F8D5FB374}.Debug|x86.Build.0 = Debug|Win32
		{05C159DC-8C40-4E1C-B0B7-C30F8D5FB374}.Release|x86.ActiveCfg = Release|Win32
		{05C159DC-8C40-4E1C-B0B7-C30F8D5FB374}.Release|x86.Build.0 = Release|Win32
	EndGlobalSection
	GlobalSection(SolutionProperties) = preSolution
		HideSolutionNode = FALSE
	EndGlobalSection
	GlobalSection(ExtensibilityGlobals) = postSolution
		SolutionGuid = {3A008816-4A70-4A37-8147-47286FB2B92C}
	EndGlobalSection
EndGlobal
